
Microsoft Visual Studio Solution File, Format Version 12.00
# Visual Studio 2013
VisualStudioVersion = 12.0.31101.0
MinimumVisualStudioVersion = 10.0.40219.1
Project("{8BC9CEB8-8B4A-11D0-8D11-00A0C91BC942}") = "GLHL", "..\..\..\..\library\prj\vs13\GLHL.vcxproj", "{77FFD542-4928-4456-9077-54917AE6DED0}"
EndProject
Project("{8BC9CEB8-8B4A-11D0-8D11-00A0C91BC942}") = "particleFilter", "particleFilter.vcxproj", "{0AC703FB-D966-4827-9543-6B209B812338}"
	ProjectSection(ProjectDependencies) = postProject
		{77FFD542-4928-4456-9077-54917AE6DED0} = {77FFD542-4928-4456-9077-54917AE6DED0}
	EndProjectSection
EndProject
Global
	GlobalSection(SolutionConfigurationPlatforms) = preSolution
		Debug|Win32 = Debug|Win32
		Release|Win32 = Release|Win32
	EndGlobalSection
	GlobalSection(ProjectConfigurationPlatforms) = postSolution
		{77FFD542-4928-4456-9077-54917AE6DED0}.Debug|Win32.ActiveCfg = Debug|Win32
		{77FFD542-4928-4456-9077-54917AE6DED0}.Debug|Win32.Build.0 = Debug|Win32
		{77FFD542-4928-4456-9077-54917AE6DED0}.Release|Win32.ActiveCfg = Release|Win32
		{77FFD542-4928-4456-9077-54917AE6DED0}.Release|Win32.Build.0 = Release|Win32
		{0AC703FB-D966-4827-9543-6B209B812338}.Debug|Win32.ActiveCfg = Debug|Win32
		{0AC703FB-D966-4827-9543-6B209B812338}.Debug|Win32.Build.0 = Debug|Win32
		{0AC703FB-D966-4827-9543-6B209B812338}.Release|Win32.ActiveCfg = Release|Win32
		{0AC703FB-D966-4827-9543-6B209B812338}.Release|Win32.Build.0 = Release|Win32
	EndGlobalSection
	GlobalSection(SolutionProperties) = preSolution
		HideSolutionNode = FALSE
	EndGlobalSection
	GlobalSection(Performance) = preSolution
		HasPerformanceSessions = true
	EndGlobalSection
EndGlobal
