<?xml version="1.0" encoding="utf-8"?>
<Project ToolsVersion="4.0" xmlns="http://schemas.microsoft.com/developer/msbuild/2003">
  <ItemGroup>
    <Filter Include="Source Files">
      <UniqueIdentifier>{4FC737F1-C7A5-4376-A066-2A32D752A2FF}</UniqueIdentifier>
      <Extensions>cpp;c;cc;cxx;def;odl;idl;hpj;bat;asm;asmx</Extensions>
    </Filter>
    <Filter Include="Header Files">
      <UniqueIdentifier>{93995380-89BD-4b04-88EB-625FBE52EBFB}</UniqueIdentifier>
      <Extensions>h;hpp;hxx;hm;inl;inc;xsd</Extensions>
    </Filter>
    <Filter Include="Resource Files">
      <UniqueIdentifier>{67DA6AB6-F800-4c08-8B7A-83BB121AAD01}</UniqueIdentifier>
      <Extensions>rc;ico;cur;bmp;dlg;rc2;rct;bin;rgs;gif;jpg;jpeg;jpe;resx;tiff;tif;png;wav;mfcribbon-ms</Extensions>
    </Filter>
    <Filter Include="Header Files\core">
      <UniqueIdentifier>{0e829bdf-7a5c-45de-9cdd-4f29f4a301d4}</UniqueIdentifier>
    </Filter>
    <Filter Include="Source Files\core">
      <UniqueIdentifier>{f2872a47-d586-4609-a517-bd92cc352f69}</UniqueIdentifier>
    </Filter>
    <Filter Include="Header Files\core\os_dep">
      <UniqueIdentifier>{c2080480-3413-4eea-9689-2d306193e134}</UniqueIdentifier>
    </Filter>
    <Filter Include="Header Files\core\os_dep\win32">
      <UniqueIdentifier>{95d578c0-f412-442b-8c33-3919f2c4f5a5}</UniqueIdentifier>
    </Filter>
    <Filter Include="Source Files\core\os_dep">
      <UniqueIdentifier>{b5bc121b-df84-4d6f-8b4b-95b7a6a3bd98}</UniqueIdentifier>
    </Filter>
    <Filter Include="Source Files\core\os_dep\win32">
      <UniqueIdentifier>{34cd2d43-7f53-4f79-b49a-67ad209d9219}</UniqueIdentifier>
    </Filter>
    <Filter Include="Header Files\core\OpenGLExtensions">
      <UniqueIdentifier>{3ba174a3-c033-4df9-b956-7061c332b68e}</UniqueIdentifier>
    </Filter>
    <Filter Include="Header Files\core\os_dep\linux">
      <UniqueIdentifier>{61796cc1-3263-4f9a-a10b-9e20deee084c}</UniqueIdentifier>
    </Filter>
    <Filter Include="Source Files\core\os_dep\linux">
      <UniqueIdentifier>{c525c566-fc73-4a7c-9053-e7e695784ca5}</UniqueIdentifier>
    </Filter>
  </ItemGroup>
  <ItemGroup>
    <ClInclude Include="..\source\core\WindowGL.h">
      <Filter>Header Files\core</Filter>
    </ClInclude>
    <ClInclude Include="..\source\core\os_dep\win32\WindowGLWin32.h">
      <Filter>Header Files\core\os_dep\win32</Filter>
    </ClInclude>
    <ClInclude Include="..\source\core\DriverGPU.h">
      <Filter>Header Files\core</Filter>
    </ClInclude>
    <ClInclude Include="..\source\core\OpenGLExtensions\glext.h">
      <Filter>Header Files\core\OpenGLExtensions</Filter>
    </ClInclude>
    <ClInclude Include="..\source\core\OpenGLExtensions\wglext.h">
      <Filter>Header Files\core\OpenGLExtensions</Filter>
    </ClInclude>
    <ClInclude Include="..\source\core\ActivityGL.h">
      <Filter>Header Files\core</Filter>
    </ClInclude>
    <ClInclude Include="..\source\core\os_dep\win32\ActivityGLWin32.h">
      <Filter>Header Files\core\os_dep\win32</Filter>
    </ClInclude>
  </ItemGroup>
  <ItemGroup>
    <ClCompile Include="..\source\core\WindowGL.cpp">
      <Filter>Source Files\core</Filter>
    </ClCompile>
    <ClCompile Include="..\source\core\os_dep\win32\WindowGLWin32.cpp">
      <Filter>Source Files\core\os_dep\win32</Filter>
    </ClCompile>
    <ClCompile Include="..\source\core\DriverGPU.cpp">
      <Filter>Source Files\core</Filter>
    </ClCompile>
    <ClCompile Include="..\source\core\ActivityGL.cpp">
      <Filter>Source Files\core</Filter>
    </ClCompile>
    <ClCompile Include="..\source\core\os_dep\win32\ActivityGLWin32.cpp">
      <Filter>Source Files\core\os_dep\win32</Filter>
    </ClCompile>
  </ItemGroup>
</Project>